{
    "_readme": [
        "This file locks the dependencies of your project to a known state",
        "Read more about it at http://getcomposer.org/doc/01-basic-usage.md#composer-lock-the-lock-file",
        "This file is @generated automatically"
    ],
    "hash": "c91346e6de081781181d79f2d4b1f93f",
    "packages": [
        {
            "name": "phpmailer/phpmailer",
            "version": "dev-master",
            "source": {
                "type": "git",
                "url": "https://github.com/PHPMailer/PHPMailer.git",
                "reference": "89bb0d609448dcffc7b9f839547c98c7b66d1e4e"
            },
            "dist": {
                "type": "zip",
                "url": "https://api.github.com/repos/PHPMailer/PHPMailer/zipball/89bb0d609448dcffc7b9f839547c98c7b66d1e4e",
                "reference": "89bb0d609448dcffc7b9f839547c98c7b66d1e4e",
                "shasum": ""
            },
            "require": {
                "php": ">=5.0.0"
            },
            "require-dev": {
                "phpdocumentor/phpdocumentor": "*",
                "phpunit/phpunit": "4.3.*"
            },
            "type": "library",
            "autoload": {
                "classmap": [
                    "class.phpmailer.php",
                    "class.smtp.php",
                    "class.pop3.php",
                    "extras/EasyPeasyICS.php",
                    "extras/ntlm_sasl_client.php"
                ]
            },
            "notification-url": "https://packagist.org/downloads/",
            "license": [
                "LGPL-2.1"
            ],
            "authors": [
                {
                    "name": "Jim Jagielski",
                    "email": "jimjag@gmail.com"
                },
                {
                    "name": "Marcus Bointon",
                    "email": "phpmailer@synchromedia.co.uk"
                },
                {
                    "name": "Andy Prevost",
                    "email": "codeworxtech@users.sourceforge.net"
                },
                {
                    "name": "Brent R. Matzelle"
                }
            ],
            "description": "PHPMailer is a full-featured email creation and transfer class for PHP",
            "time": "2015-04-23 17:33:15"
        },
        {
            "name": "querypath/querypath",
            "version": "3.0.3",
            "source": {
                "type": "git",
                "url": "https://github.com/technosophos/querypath.git",
                "reference": "13224745f7348e099d2dde9e555bc8972c21a810"
            },
            "dist": {
                "type": "zip",
                "url": "https://api.github.com/repos/technosophos/querypath/zipball/13224745f7348e099d2dde9e555bc8972c21a810",
                "reference": "13224745f7348e099d2dde9e555bc8972c21a810",
                "shasum": ""
            },
            "require": {
                "php": ">=5.3.0"
            },
            "type": "library",
            "autoload": {
                "psr-0": {
                    "QueryPath": "src/"
                },
                "files": [
                    "src/qp_functions.php"
                ]
            },
            "notification-url": "https://packagist.org/downloads/",
            "license": [
                "MIT"
            ],
            "description": "HTML/XML querying (CSS 4 or XPath) and processing (like jQuery)",
            "homepage": "https://github.com/technosophos/querypath",
            "keywords": [
                "css",
                "html",
                "jquery",
                "xml",
                "xslt"
            ],
            "time": "2014-09-23 19:04:19"
        }
    ],
    "packages-dev": [],
    "aliases": [],
    "minimum-stability": "stable",
    "stability-flags": {
        "phpmailer/phpmailer": 20
    },
    "prefer-stable": false,
    "prefer-lowest": false,
    "platform": [],
    "platform-dev": []
}
